
Microsoft Visual Studio Solution File, Format Version 12.00
# Visual Studio Version 17
VisualStudioVersion = 17.7.34202.233
MinimumVisualStudioVersion = 10.0.40219.1
Project("{FAE04EC0-301F-11D3-BF4B-00C04F79EFBC}") = "aplikacja1", "aplikacja1.csproj", "{EA229D2A-BD95-4139-8B9A-25C2BF361D2E}"
EndProject
Global
	GlobalSection(SolutionConfigurationPlatforms) = preSolution
		Debug|Any CPU = Debug|Any CPU
		Release|Any CPU = Release|Any CPU
	EndGlobalSection
	GlobalSection(ProjectConfigurationPlatforms) = postSolution
		{EA229D2A-BD95-4139-8B9A-25C2BF361D2E}.Debug|Any CPU.ActiveCfg = Debug|Any CPU
		{EA229D2A-BD95-4139-8B9A-25C2BF361D2E}.Debug|Any CPU.Build.0 = Debug|Any CPU
		{EA229D2A-BD95-4139-8B9A-25C2BF361D2E}.Release|Any CPU.ActiveCfg = Release|Any CPU
		{EA229D2A-BD95-4139-8B9A-25C2BF361D2E}.Release|Any CPU.Build.0 = Release|Any CPU
	EndGlobalSection
	GlobalSection(SolutionProperties) = preSolution
		HideSolutionNode = FALSE
	EndGlobalSection
	GlobalSection(ExtensibilityGlobals) = postSolution
		SolutionGuid = {3FFB882F-117E-4165-A2DD-52CB1408F80B}
	EndGlobalSection
EndGlobal
